
Microsoft Visual Studio Solution File, Format Version 12.00
# Visual Studio Version 16
VisualStudioVersion = 16.0.34114.132
MinimumVisualStudioVersion = 10.0.40219.1
Project("{8BC9CEB8-8B4A-11D0-8D11-00A0C91BC942}") = "10_17", "10_17\10_17.vcxproj", "{2BC243C9-83DE-43C0-AD2A-A53445EC3BA2}"
EndProject
Global
	GlobalSection(SolutionConfigurationPlatforms) = preSolution
		Debug|x64 = Debug|x64
		Debug|x86 = Debug|x86
		Release|x64 = Release|x64
		Release|x86 = Release|x86
	EndGlobalSection
	GlobalSection(ProjectConfigurationPlatforms) = postSolution
		{2BC243C9-83DE-43C0-AD2A-A53445EC3BA2}.Debug|x64.ActiveCfg = Debug|x64
		{2BC243C9-83DE-43C0-AD2A-A53445EC3BA2}.Debug|x64.Build.0 = Debug|x64
		{2BC243C9-83DE-43C0-AD2A-A53445EC3BA2}.Debug|x86.ActiveCfg = Debug|Win32
		{2BC243C9-83DE-43C0-AD2A-A53445EC3BA2}.Debug|x86.Build.0 = Debug|Win32
		{2BC243C9-83DE-43C0-AD2A-A53445EC3BA2}.Release|x64.ActiveCfg = Release|x64
		{2BC243C9-83DE-43C0-AD2A-A53445EC3BA2}.Release|x64.Build.0 = Release|x64
		{2BC243C9-83DE-43C0-AD2A-A53445EC3BA2}.Release|x86.ActiveCfg = Release|Win32
		{2BC243C9-83DE-43C0-AD2A-A53445EC3BA2}.Release|x86.Build.0 = Release|Win32
	EndGlobalSection
	GlobalSection(SolutionProperties) = preSolution
		HideSolutionNode = FALSE
	EndGlobalSection
	GlobalSection(ExtensibilityGlobals) = postSolution
		SolutionGuid = {64FD83C1-39C0-4088-ABAA-53900CE170AE}
	EndGlobalSection
EndGlobal
